
Microsoft Visual Studio Solution File, Format Version 12.00
# Visual Studio Version 16
VisualStudioVersion = 16.0.29613.14
MinimumVisualStudioVersion = 10.0.40219.1
Project("{E24C65DC-7377-472B-9ABA-BC803B73C61A}") = "PayRoll", "PayRoll\", "{FB800692-9E19-43CE-80B5-DF65F88388B3}"
	ProjectSection(WebsiteProperties) = preProject
		TargetFrameworkMoniker = ".NETFramework,Version%3Dv4.8"
		Debug.AspNetCompiler.VirtualPath = "/localhost_10426"
		Debug.AspNetCompiler.PhysicalPath = "PayRoll\"
		Debug.AspNetCompiler.TargetPath = "PrecompiledWeb\localhost_10426\"
		Debug.AspNetCompiler.Updateable = "true"
		Debug.AspNetCompiler.ForceOverwrite = "true"
		Debug.AspNetCompiler.FixedNames = "false"
		Debug.AspNetCompiler.Debug = "True"
		Release.AspNetCompiler.VirtualPath = "/localhost_10426"
		Release.AspNetCompiler.PhysicalPath = "PayRoll\"
		Release.AspNetCompiler.TargetPath = "PrecompiledWeb\localhost_10426\"
		Release.AspNetCompiler.Updateable = "true"
		Release.AspNetCompiler.ForceOverwrite = "true"
		Release.AspNetCompiler.FixedNames = "false"
		Release.AspNetCompiler.Debug = "False"
		VWDPort = "10426"
		SlnRelativePath = "PayRoll\"
		DefaultWebSiteLanguage = "Visual C#"
	EndProjectSection
EndProject
Global
	GlobalSection(SolutionConfigurationPlatforms) = preSolution
		Debug|Any CPU = Debug|Any CPU
	EndGlobalSection
	GlobalSection(ProjectConfigurationPlatforms) = postSolution
		{FB800692-9E19-43CE-80B5-DF65F88388B3}.Debug|Any CPU.ActiveCfg = Debug|Any CPU
		{FB800692-9E19-43CE-80B5-DF65F88388B3}.Debug|Any CPU.Build.0 = Debug|Any CPU
	EndGlobalSection
	GlobalSection(SolutionProperties) = preSolution
		HideSolutionNode = FALSE
	EndGlobalSection
	GlobalSection(ExtensibilityGlobals) = postSolution
		SolutionGuid = {A982D020-2BD0-4387-A40D-76873A538E7F}
	EndGlobalSection
EndGlobal
